
Microsoft Visual Studio Solution File, Format Version 12.00
# Visual Studio Version 17
VisualStudioVersion = 17.0.31919.166
MinimumVisualStudioVersion = 10.0.40219.1
Project("{FAE04EC0-301F-11D3-BF4B-00C04F79EFBC}") = "ab6basic.lang2", "ab6basic.lang2\ab6basic.lang2.csproj", "{57FA94E0-C016-455E-B0A2-0E40B16C1E7B}"
EndProject
Global
	GlobalSection(SolutionConfigurationPlatforms) = preSolution
		Debug|Any CPU = Debug|Any CPU
		Release|Any CPU = Release|Any CPU
	EndGlobalSection
	GlobalSection(ProjectConfigurationPlatforms) = postSolution
		{57FA94E0-C016-455E-B0A2-0E40B16C1E7B}.Debug|Any CPU.ActiveCfg = Debug|Any CPU
		{57FA94E0-C016-455E-B0A2-0E40B16C1E7B}.Debug|Any CPU.Build.0 = Debug|Any CPU
		{57FA94E0-C016-455E-B0A2-0E40B16C1E7B}.Release|Any CPU.ActiveCfg = Release|Any CPU
		{57FA94E0-C016-455E-B0A2-0E40B16C1E7B}.Release|Any CPU.Build.0 = Release|Any CPU
	EndGlobalSection
	GlobalSection(SolutionProperties) = preSolution
		HideSolutionNode = FALSE
	EndGlobalSection
	GlobalSection(ExtensibilityGlobals) = postSolution
		SolutionGuid = {FA6B5253-6296-4DEA-BE27-10AB47520DBD}
	EndGlobalSection
EndGlobal
